
Microsoft Visual Studio Solution File, Format Version 12.00
# Visual Studio 2012
Project("{FAE04EC0-301F-11D3-BF4B-00C04F79EFBC}") = "Publisher", "ConsoleApplication1\Publisher.csproj", "{F466D231-889D-419C-AB81-1B54AA67BD6B}"
EndProject
Project("{FAE04EC0-301F-11D3-BF4B-00C04F79EFBC}") = "Subscriber", "ConsoleApplication2\Subscriber.csproj", "{928767BB-C402-4647-A0F5-D3E5D41D4788}"
EndProject
Project("{FAE04EC0-301F-11D3-BF4B-00C04F79EFBC}") = "Messages", "Messages\Messages.csproj", "{21CFCB38-4D40-47F9-ACF8-23268CCF6A95}"
EndProject
Project("{2150E333-8FDC-42A3-9474-1A3956D46DE8}") = "README", "README", "{81A5F0ED-1FD1-4426-9463-C45E2148286E}"
	ProjectSection(SolutionItems) = preProject
		README.txt = README.txt
	EndProjectSection
EndProject
Project("{FAE04EC0-301F-11D3-BF4B-00C04F79EFBC}") = "SinglePubSub", "Console3\SinglePubSub.csproj", "{BD4C912B-07BE-4EC1-B0DD-5FF31DCC8F06}"
EndProject
Global
	GlobalSection(SolutionConfigurationPlatforms) = preSolution
		Debug|Any CPU = Debug|Any CPU
		Release|Any CPU = Release|Any CPU
	EndGlobalSection
	GlobalSection(ProjectConfigurationPlatforms) = postSolution
		{F466D231-889D-419C-AB81-1B54AA67BD6B}.Debug|Any CPU.ActiveCfg = Debug|Any CPU
		{F466D231-889D-419C-AB81-1B54AA67BD6B}.Debug|Any CPU.Build.0 = Debug|Any CPU
		{F466D231-889D-419C-AB81-1B54AA67BD6B}.Release|Any CPU.ActiveCfg = Release|Any CPU
		{F466D231-889D-419C-AB81-1B54AA67BD6B}.Release|Any CPU.Build.0 = Release|Any CPU
		{928767BB-C402-4647-A0F5-D3E5D41D4788}.Debug|Any CPU.ActiveCfg = Debug|Any CPU
		{928767BB-C402-4647-A0F5-D3E5D41D4788}.Debug|Any CPU.Build.0 = Debug|Any CPU
		{928767BB-C402-4647-A0F5-D3E5D41D4788}.Release|Any CPU.ActiveCfg = Release|Any CPU
		{928767BB-C402-4647-A0F5-D3E5D41D4788}.Release|Any CPU.Build.0 = Release|Any CPU
		{21CFCB38-4D40-47F9-ACF8-23268CCF6A95}.Debug|Any CPU.ActiveCfg = Debug|Any CPU
		{21CFCB38-4D40-47F9-ACF8-23268CCF6A95}.Debug|Any CPU.Build.0 = Debug|Any CPU
		{21CFCB38-4D40-47F9-ACF8-23268CCF6A95}.Release|Any CPU.ActiveCfg = Release|Any CPU
		{21CFCB38-4D40-47F9-ACF8-23268CCF6A95}.Release|Any CPU.Build.0 = Release|Any CPU
		{BD4C912B-07BE-4EC1-B0DD-5FF31DCC8F06}.Debug|Any CPU.ActiveCfg = Debug|Any CPU
		{BD4C912B-07BE-4EC1-B0DD-5FF31DCC8F06}.Debug|Any CPU.Build.0 = Debug|Any CPU
		{BD4C912B-07BE-4EC1-B0DD-5FF31DCC8F06}.Release|Any CPU.ActiveCfg = Release|Any CPU
		{BD4C912B-07BE-4EC1-B0DD-5FF31DCC8F06}.Release|Any CPU.Build.0 = Release|Any CPU
	EndGlobalSection
	GlobalSection(SolutionProperties) = preSolution
		HideSolutionNode = FALSE
	EndGlobalSection
EndGlobal
